
Microsoft Visual Studio Solution File, Format Version 12.00
# Visual Studio 14
VisualStudioVersion = 14.0.24720.0
MinimumVisualStudioVersion = 10.0.40219.1
Project("{FAE04EC0-301F-11D3-BF4B-00C04F79EFBC}") = "ExercicioMegaman", "Megaman\ExercicioMegaman.csproj", "{0015144F-AB42-48C6-BAFC-CD0E7D54F48B}"
EndProject
Project("{FAE04EC0-301F-11D3-BF4B-00C04F79EFBC}") = "MegamanTestes", "MegamanTestes\MegamanTestes.csproj", "{757F09E6-8A5A-4C72-BFC6-960DA3EFE4F0}"
EndProject
Global
	GlobalSection(SolutionConfigurationPlatforms) = preSolution
		Debug|Any CPU = Debug|Any CPU
		Release|Any CPU = Release|Any CPU
	EndGlobalSection
	GlobalSection(ProjectConfigurationPlatforms) = postSolution
		{0015144F-AB42-48C6-BAFC-CD0E7D54F48B}.Debug|Any CPU.ActiveCfg = Debug|Any CPU
		{0015144F-AB42-48C6-BAFC-CD0E7D54F48B}.Debug|Any CPU.Build.0 = Debug|Any CPU
		{0015144F-AB42-48C6-BAFC-CD0E7D54F48B}.Release|Any CPU.ActiveCfg = Release|Any CPU
		{0015144F-AB42-48C6-BAFC-CD0E7D54F48B}.Release|Any CPU.Build.0 = Release|Any CPU
		{757F09E6-8A5A-4C72-BFC6-960DA3EFE4F0}.Debug|Any CPU.ActiveCfg = Debug|Any CPU
		{757F09E6-8A5A-4C72-BFC6-960DA3EFE4F0}.Debug|Any CPU.Build.0 = Debug|Any CPU
		{757F09E6-8A5A-4C72-BFC6-960DA3EFE4F0}.Release|Any CPU.ActiveCfg = Release|Any CPU
		{757F09E6-8A5A-4C72-BFC6-960DA3EFE4F0}.Release|Any CPU.Build.0 = Release|Any CPU
	EndGlobalSection
	GlobalSection(SolutionProperties) = preSolution
		HideSolutionNode = FALSE
	EndGlobalSection
EndGlobal
